
Microsoft Visual Studio Solution File, Format Version 12.00
# Visual Studio Version 17
VisualStudioVersion = 17.6.33723.286
MinimumVisualStudioVersion = 10.0.40219.1
Project("{8BC9CEB8-8B4A-11D0-8D11-00A0C91BC942}") = "Clone", "src\Clone.vcxproj", "{99B006C0-3A27-3A3C-6588-6C86BD57A80D}"
EndProject
Global
	GlobalSection(SolutionConfigurationPlatforms) = preSolution
		Release|x64 = Release|x64
		Release|x86 = Release|x86
	EndGlobalSection
	GlobalSection(ProjectConfigurationPlatforms) = postSolution
		{99B006C0-3A27-3A3C-6588-6C86BD57A80D}.Release|x64.ActiveCfg = Release|x64
		{99B006C0-3A27-3A3C-6588-6C86BD57A80D}.Release|x64.Build.0 = Release|x64
		{99B006C0-3A27-3A3C-6588-6C86BD57A80D}.Release|x86.ActiveCfg = Release|Win32
		{99B006C0-3A27-3A3C-6588-6C86BD57A80D}.Release|x86.Build.0 = Release|Win32
	EndGlobalSection
	GlobalSection(SolutionProperties) = preSolution
		HideSolutionNode = FALSE
	EndGlobalSection
	GlobalSection(ExtensibilityGlobals) = postSolution
		    SolutionGuid = {3F900B2D-D854-4D44-9CC2-C7D9A85A41A3}
		            SolutionGuid = {31E95A3C-0BE4-4890-815C-0391F78DB4AF}
		        SolutionGuid = {0A7AB709-7E2F-4C29-BCBC-0C0093D1DE9D}
	EndGlobalSection
EndGlobal
